{
  "name": "test_gpu_animation",
  "lockfileVersion": 3,
  "requires": true,
  "packages": {
    "": {
      "devDependencies": {
        "@types/node": "^24.0.1"
      }
    },
    "node_modules/.store/@types+node@24.0.1": {
      "dev": true
    },
    "node_modules/.store/@types+node@24.0.1/node_modules/@types/node": {
      "version": "24.0.1",
      "dev": true,
      "license": "MIT",
      "dependencies": {
        "undici-types": "~7.8.0"
      }
    },
    "node_modules/.store/@types+node@24.0.1/node_modules/undici-types": {
      "resolved": "node_modules/.store/undici-types@7.8.0/node_modules/undici-types",
      "link": true
    },
    "node_modules/.store/undici-types@7.8.0/node_modules/undici-types": {
      "version": "7.8.0",
      "dev": true,
      "license": "MIT"
    },
    "node_modules/@types/node": {
      "resolved": "node_modules/.store/@types+node@24.0.1/node_modules/@types/node",
      "link": true
    }
  }
}
